
Microsoft Visual Studio Solution File, Format Version 12.00
# Visual Studio Version 17
VisualStudioVersion = 17.9.34622.214
MinimumVisualStudioVersion = 10.0.40219.1
Project("{2150E333-8FDC-42A3-9474-1A3956D46DE8}") = "src", "src", "{8F7BB575-2446-4E50-A94B-4F161AD05126}"
EndProject
Project("{2150E333-8FDC-42A3-9474-1A3956D46DE8}") = "CoronaApi", "CoronaApi", "{32741AF1-68D2-4752-AF33-DC09A622C541}"
EndProject
Project("{2150E333-8FDC-42A3-9474-1A3956D46DE8}") = "Core", "Core", "{D2A04BBA-4ACA-4FCB-80D8-783BC80EA209}"
EndProject
Project("{2150E333-8FDC-42A3-9474-1A3956D46DE8}") = "Infrastructure", "Infrastructure", "{70B3AF2C-0CB1-49B6-96BE-D9685A84F0FC}"
EndProject
Project("{2150E333-8FDC-42A3-9474-1A3956D46DE8}") = "Presentation", "Presentation", "{C07E1784-0ED2-443E-A18B-965406A59DF4}"
EndProject
Project("{9A19103F-16F7-4668-BE54-9A1E7A4F7556}") = "Corona.Application", "src\CoronaApi\Core\Corona.Application\Corona.Application.csproj", "{1B115CE3-42D5-4C04-B524-D666EB34A09E}"
EndProject
Project("{9A19103F-16F7-4668-BE54-9A1E7A4F7556}") = "Corona.Domain", "src\CoronaApi\Core\Corona.Domain\Corona.Domain.csproj", "{CAEA662F-AAD6-4050-931F-FF5D9A05E2DC}"
EndProject
Project("{9A19103F-16F7-4668-BE54-9A1E7A4F7556}") = "Corona.Infrastructure", "src\CoronaApi\Infrastructure\Corona.Infrastructure\Corona.Infrastructure.csproj", "{DCD9DD7C-2301-4D28-A2B7-EB9809C657DF}"
EndProject
Project("{9A19103F-16F7-4668-BE54-9A1E7A4F7556}") = "Corona.Persistance", "src\CoronaApi\Infrastructure\Corona.Persistance\Corona.Persistance.csproj", "{D9BDEAB9-2FD5-47F7-8E06-AF082BED6552}"
EndProject
Project("{9A19103F-16F7-4668-BE54-9A1E7A4F7556}") = "Corona.API", "src\CoronaApi\Presentation\Corona.API\Corona.API.csproj", "{0FF590C7-314B-453B-9B89-0E6AD2455DD1}"
EndProject
Project("{2150E333-8FDC-42A3-9474-1A3956D46DE8}") = "CoronaMVC", "CoronaMVC", "{50D7127C-AE37-4ADD-870A-6416E8251B75}"
EndProject
Project("{FAE04EC0-301F-11D3-BF4B-00C04F79EFBC}") = "Corona.MVC", "src\CoronaMVC\Corona.MVC\Corona.MVC.csproj", "{D955EDD2-19A3-46F0-B833-1E20C94CF5FD}"
EndProject
Global
	GlobalSection(SolutionConfigurationPlatforms) = preSolution
		Debug|Any CPU = Debug|Any CPU
		Release|Any CPU = Release|Any CPU
	EndGlobalSection
	GlobalSection(ProjectConfigurationPlatforms) = postSolution
		{1B115CE3-42D5-4C04-B524-D666EB34A09E}.Debug|Any CPU.ActiveCfg = Debug|Any CPU
		{1B115CE3-42D5-4C04-B524-D666EB34A09E}.Debug|Any CPU.Build.0 = Debug|Any CPU
		{1B115CE3-42D5-4C04-B524-D666EB34A09E}.Release|Any CPU.ActiveCfg = Release|Any CPU
		{1B115CE3-42D5-4C04-B524-D666EB34A09E}.Release|Any CPU.Build.0 = Release|Any CPU
		{CAEA662F-AAD6-4050-931F-FF5D9A05E2DC}.Debug|Any CPU.ActiveCfg = Debug|Any CPU
		{CAEA662F-AAD6-4050-931F-FF5D9A05E2DC}.Debug|Any CPU.Build.0 = Debug|Any CPU
		{CAEA662F-AAD6-4050-931F-FF5D9A05E2DC}.Release|Any CPU.ActiveCfg = Release|Any CPU
		{CAEA662F-AAD6-4050-931F-FF5D9A05E2DC}.Release|Any CPU.Build.0 = Release|Any CPU
		{DCD9DD7C-2301-4D28-A2B7-EB9809C657DF}.Debug|Any CPU.ActiveCfg = Debug|Any CPU
		{DCD9DD7C-2301-4D28-A2B7-EB9809C657DF}.Debug|Any CPU.Build.0 = Debug|Any CPU
		{DCD9DD7C-2301-4D28-A2B7-EB9809C657DF}.Release|Any CPU.ActiveCfg = Release|Any CPU
		{DCD9DD7C-2301-4D28-A2B7-EB9809C657DF}.Release|Any CPU.Build.0 = Release|Any CPU
		{D9BDEAB9-2FD5-47F7-8E06-AF082BED6552}.Debug|Any CPU.ActiveCfg = Debug|Any CPU
		{D9BDEAB9-2FD5-47F7-8E06-AF082BED6552}.Debug|Any CPU.Build.0 = Debug|Any CPU
		{D9BDEAB9-2FD5-47F7-8E06-AF082BED6552}.Release|Any CPU.ActiveCfg = Release|Any CPU
		{D9BDEAB9-2FD5-47F7-8E06-AF082BED6552}.Release|Any CPU.Build.0 = Release|Any CPU
		{0FF590C7-314B-453B-9B89-0E6AD2455DD1}.Debug|Any CPU.ActiveCfg = Debug|Any CPU
		{0FF590C7-314B-453B-9B89-0E6AD2455DD1}.Debug|Any CPU.Build.0 = Debug|Any CPU
		{0FF590C7-314B-453B-9B89-0E6AD2455DD1}.Release|Any CPU.ActiveCfg = Release|Any CPU
		{0FF590C7-314B-453B-9B89-0E6AD2455DD1}.Release|Any CPU.Build.0 = Release|Any CPU
		{D955EDD2-19A3-46F0-B833-1E20C94CF5FD}.Debug|Any CPU.ActiveCfg = Debug|Any CPU
		{D955EDD2-19A3-46F0-B833-1E20C94CF5FD}.Debug|Any CPU.Build.0 = Debug|Any CPU
		{D955EDD2-19A3-46F0-B833-1E20C94CF5FD}.Release|Any CPU.ActiveCfg = Release|Any CPU
		{D955EDD2-19A3-46F0-B833-1E20C94CF5FD}.Release|Any CPU.Build.0 = Release|Any CPU
	EndGlobalSection
	GlobalSection(SolutionProperties) = preSolution
		HideSolutionNode = FALSE
	EndGlobalSection
	GlobalSection(NestedProjects) = preSolution
		{32741AF1-68D2-4752-AF33-DC09A622C541} = {8F7BB575-2446-4E50-A94B-4F161AD05126}
		{D2A04BBA-4ACA-4FCB-80D8-783BC80EA209} = {32741AF1-68D2-4752-AF33-DC09A622C541}
		{70B3AF2C-0CB1-49B6-96BE-D9685A84F0FC} = {32741AF1-68D2-4752-AF33-DC09A622C541}
		{C07E1784-0ED2-443E-A18B-965406A59DF4} = {32741AF1-68D2-4752-AF33-DC09A622C541}
		{1B115CE3-42D5-4C04-B524-D666EB34A09E} = {D2A04BBA-4ACA-4FCB-80D8-783BC80EA209}
		{CAEA662F-AAD6-4050-931F-FF5D9A05E2DC} = {D2A04BBA-4ACA-4FCB-80D8-783BC80EA209}
		{DCD9DD7C-2301-4D28-A2B7-EB9809C657DF} = {70B3AF2C-0CB1-49B6-96BE-D9685A84F0FC}
		{D9BDEAB9-2FD5-47F7-8E06-AF082BED6552} = {70B3AF2C-0CB1-49B6-96BE-D9685A84F0FC}
		{0FF590C7-314B-453B-9B89-0E6AD2455DD1} = {C07E1784-0ED2-443E-A18B-965406A59DF4}
		{50D7127C-AE37-4ADD-870A-6416E8251B75} = {8F7BB575-2446-4E50-A94B-4F161AD05126}
		{D955EDD2-19A3-46F0-B833-1E20C94CF5FD} = {50D7127C-AE37-4ADD-870A-6416E8251B75}
	EndGlobalSection
	GlobalSection(ExtensibilityGlobals) = postSolution
		SolutionGuid = {A2C40D60-1116-4E0E-9CA3-CE103C27B695}
	EndGlobalSection
EndGlobal
